
Microsoft Visual Studio Solution File, Format Version 12.00
# Visual Studio Version 16
VisualStudioVersion = 16.0.32602.290
MinimumVisualStudioVersion = 10.0.40219.1
Project("{00D1A9C2-B5F0-4AF3-8072-F6C62B433612}") = "Taller", "Taller.sqlproj", "{7CAB11D6-E343-4359-BA65-8D0CEA1F4705}"
EndProject
Global
	GlobalSection(SolutionConfigurationPlatforms) = preSolution
		Debug|Any CPU = Debug|Any CPU
		Release|Any CPU = Release|Any CPU
	EndGlobalSection
	GlobalSection(ProjectConfigurationPlatforms) = postSolution
		{7CAB11D6-E343-4359-BA65-8D0CEA1F4705}.Debug|Any CPU.ActiveCfg = Debug|Any CPU
		{7CAB11D6-E343-4359-BA65-8D0CEA1F4705}.Debug|Any CPU.Build.0 = Debug|Any CPU
		{7CAB11D6-E343-4359-BA65-8D0CEA1F4705}.Debug|Any CPU.Deploy.0 = Debug|Any CPU
		{7CAB11D6-E343-4359-BA65-8D0CEA1F4705}.Release|Any CPU.ActiveCfg = Release|Any CPU
		{7CAB11D6-E343-4359-BA65-8D0CEA1F4705}.Release|Any CPU.Build.0 = Release|Any CPU
		{7CAB11D6-E343-4359-BA65-8D0CEA1F4705}.Release|Any CPU.Deploy.0 = Release|Any CPU
	EndGlobalSection
	GlobalSection(SolutionProperties) = preSolution
		HideSolutionNode = FALSE
	EndGlobalSection
	GlobalSection(ExtensibilityGlobals) = postSolution
		SolutionGuid = {70DB25D3-ADF2-4C1E-A2F8-01E766A05686}
	EndGlobalSection
EndGlobal
